{
  "name": "xiaolan",
  "version": "1.4.6",
  "lockfileVersion": 1,
  "requires": true,
  "dependencies": {
    "async": {
      "version": "2.5.0",
      "resolved": "https://registry.npmjs.org/async/-/async-2.5.0.tgz",
      "integrity": "sha512-e+lJAJeNWuPCNyxZKOBdaJGyLGHugXVQtrAwtuAe2vhxTYxFTKE73p8JuTmdH0qdQZtDvI4dhJwjZc5zsfIsYw==",
      "requires": {
        "lodash": "4.17.4"
      }
    },
    "bignumber.js": {
      "version": "https://registry.npmjs.org/bignumber.js/-/bignumber.js-3.1.2.tgz",
      "integrity": "sha1-8725mtUmihX8HwvtL7AY4mk/4jY="
    },
    "colors": {
      "version": "https://registry.npmjs.org/colors/-/colors-1.1.2.tgz",
      "integrity": "sha1-FopHAXVran9RoSzgyXv6KMCE7WM="
    },
    "core-util-is": {
      "version": "https://registry.npmjs.org/core-util-is/-/core-util-is-1.0.2.tgz",
      "integrity": "sha1-tf1UIgqivFq1eqtxQMlAdUUDwac="
    },
    "crypto": {
      "version": "0.0.3",
      "resolved": "https://registry.npmjs.org/crypto/-/crypto-0.0.3.tgz",
      "integrity": "sha1-RwqBuGvkxe4XrMggeh9TFa4g27A="
    },
    "dotenvr": {
      "version": "https://registry.npmjs.org/dotenvr/-/dotenvr-0.1.7.tgz",
      "integrity": "sha1-aDM9M/CT4tb78q52mF+XOKdZKgE="
    },
    "easymysql": {
      "version": "0.2.7",
      "resolved": "https://registry.npmjs.org/easymysql/-/easymysql-0.2.7.tgz",
      "integrity": "sha1-BZIkJhKLEqyswP8Ya/9d4DVds3o=",
      "requires": {
        "mysql-robin": "2.0.8",
        "safequeue": "0.0.2"
      },
      "dependencies": {
        "mysql-robin": {
          "version": "2.0.8",
          "resolved": "https://registry.npmjs.org/mysql-robin/-/mysql-robin-2.0.8.tgz",
          "integrity": "sha1-wKS1Z156/25WkYWKwvjuvOtlnCs=",
          "requires": {
            "require-all": "0.0.3"
          },
          "dependencies": {
            "require-all": {
              "version": "0.0.3",
              "resolved": "https://registry.npmjs.org/require-all/-/require-all-0.0.3.tgz",
              "integrity": "sha1-BR4ZIkbADTmb/mFkvE6BC8WI4Bo="
            }
          }
        },
        "safequeue": {
          "version": "0.0.2",
          "resolved": "https://registry.npmjs.org/safequeue/-/safequeue-0.0.2.tgz",
          "integrity": "sha1-xhtDDP5NSrrfmWeoAojo2S8zIrQ="
        }
      }
    },
    "fy-mysql": {
      "version": "https://registry.npmjs.org/fy-mysql/-/fy-mysql-0.2.13.tgz",
      "integrity": "sha1-C1PoAXojIHjBJKiffnatVp0KufM=",
      "requires": {
        "mysql": "https://registry.npmjs.org/mysql/-/mysql-2.13.0.tgz",
        "safequeue": "https://registry.npmjs.org/safequeue/-/safequeue-0.0.2.tgz"
      }
    },
    "inherits": {
      "version": "https://registry.npmjs.org/inherits/-/inherits-2.0.3.tgz",
      "integrity": "sha1-Yzwsg+PaQqUC9SRmAiSA9CCCYd4="
    },
    "isarray": {
      "version": "https://registry.npmjs.org/isarray/-/isarray-0.0.1.tgz",
      "integrity": "sha1-ihis/Kmo9Bd+Cav8YDiTmwXR7t8="
    },
    "lodash": {
      "version": "4.17.4",
      "resolved": "https://registry.npmjs.org/lodash/-/lodash-4.17.4.tgz",
      "integrity": "sha1-eCA6TRwyiuHYbcpkYONptX9AVa4="
    },
    "mysql": {
      "version": "https://registry.npmjs.org/mysql/-/mysql-2.13.0.tgz",
      "integrity": "sha1-mY8fjKRuLj3XFJzpgkE2U5hqrkc=",
      "requires": {
        "bignumber.js": "https://registry.npmjs.org/bignumber.js/-/bignumber.js-3.1.2.tgz",
        "readable-stream": "https://registry.npmjs.org/readable-stream/-/readable-stream-1.1.14.tgz",
        "sqlstring": "https://registry.npmjs.org/sqlstring/-/sqlstring-2.2.0.tgz"
      }
    },
    "readable-stream": {
      "version": "https://registry.npmjs.org/readable-stream/-/readable-stream-1.1.14.tgz",
      "integrity": "sha1-fPTFTvZI44EwhMY23SB54WbAgdk=",
      "requires": {
        "core-util-is": "https://registry.npmjs.org/core-util-is/-/core-util-is-1.0.2.tgz",
        "inherits": "https://registry.npmjs.org/inherits/-/inherits-2.0.3.tgz",
        "isarray": "https://registry.npmjs.org/isarray/-/isarray-0.0.1.tgz",
        "string_decoder": "https://registry.npmjs.org/string_decoder/-/string_decoder-0.10.31.tgz"
      }
    },
    "redis": {
      "version": "2.2.5",
      "resolved": "https://registry.npmjs.org/redis/-/redis-2.2.5.tgz",
      "integrity": "sha1-+B1XALMmhmCfKcCvsp1TnthTrXg=",
      "requires": {
        "double-ended-queue": "2.1.0-0"
      },
      "dependencies": {
        "double-ended-queue": {
          "version": "2.1.0-0",
          "resolved": "https://registry.npmjs.org/double-ended-queue/-/double-ended-queue-2.1.0-0.tgz",
          "integrity": "sha1-ED01J/0xUo9AGIEwyEHv3XgmTlw="
        }
      }
    },
    "safequeue": {
      "version": "https://registry.npmjs.org/safequeue/-/safequeue-0.0.2.tgz",
      "integrity": "sha1-xhtDDP5NSrrfmWeoAojo2S8zIrQ="
    },
    "serve-static": {
      "version": "1.9.3",
      "resolved": "https://registry.npmjs.org/serve-static/-/serve-static-1.9.3.tgz",
      "integrity": "sha1-X42gcyOtOF/z3FQfGnkXsuQ261c=",
      "requires": {
        "escape-html": "1.0.1",
        "parseurl": "1.3.0",
        "send": "0.12.3",
        "utils-merge": "1.0.0"
      },
      "dependencies": {
        "escape-html": {
          "version": "1.0.1",
          "resolved": "https://registry.npmjs.org/escape-html/-/escape-html-1.0.1.tgz",
          "integrity": "sha1-GBoobq05ejmpKFfPsdQwUuNWv/A="
        },
        "parseurl": {
          "version": "1.3.0",
          "resolved": "https://registry.npmjs.org/parseurl/-/parseurl-1.3.0.tgz",
          "integrity": "sha1-tYBG20Ij4UWvp2AJ5hush8wigbM="
        },
        "send": {
          "version": "0.12.3",
          "resolved": "https://registry.npmjs.org/send/-/send-0.12.3.tgz",
          "integrity": "sha1-zRLcWP3iHk+RkCs5sv2gWnptm9w=",
          "requires": {
            "debug": "2.2.0",
            "depd": "1.0.1",
            "destroy": "1.0.3",
            "escape-html": "1.0.1",
            "etag": "1.6.0",
            "fresh": "0.2.4",
            "mime": "1.3.4",
            "ms": "0.7.1",
            "on-finished": "2.2.1",
            "range-parser": "1.0.2"
          },
          "dependencies": {
            "debug": {
              "version": "2.2.0",
              "resolved": "https://registry.npmjs.org/debug/-/debug-2.2.0.tgz",
              "integrity": "sha1-+HBX6ZWxofauaklgZkE3vFbwOdo=",
              "requires": {
                "ms": "0.7.1"
              }
            },
            "depd": {
              "version": "1.0.1",
              "resolved": "https://registry.npmjs.org/depd/-/depd-1.0.1.tgz",
              "integrity": "sha1-gK7GTJ1tl+ZcwqnKqTwKpqv3Oqo="
            },
            "destroy": {
              "version": "1.0.3",
              "resolved": "https://registry.npmjs.org/destroy/-/destroy-1.0.3.tgz",
              "integrity": "sha1-tDO0ck5x/YVR2YhRdIUcX8N34sk="
            },
            "etag": {
              "version": "1.6.0",
              "resolved": "https://registry.npmjs.org/etag/-/etag-1.6.0.tgz",
              "integrity": "sha1-i8ssavElTEgd/IuZfJBu9ORCwgc=",
              "requires": {
                "crc": "3.2.1"
              },
              "dependencies": {
                "crc": {
                  "version": "3.2.1",
                  "resolved": "https://registry.npmjs.org/crc/-/crc-3.2.1.tgz",
                  "integrity": "sha1-XZyPt3okXNXsopHl0tAFM0urAII="
                }
              }
            },
            "fresh": {
              "version": "0.2.4",
              "resolved": "https://registry.npmjs.org/fresh/-/fresh-0.2.4.tgz",
              "integrity": "sha1-NYJJkgbJcjcUGQ7ddLRgT+tKYUw="
            },
            "mime": {
              "version": "1.3.4",
              "resolved": "https://registry.npmjs.org/mime/-/mime-1.3.4.tgz",
              "integrity": "sha1-EV+eO2s9rylZmDyzjxSaLUDrXVM="
            },
            "ms": {
              "version": "0.7.1",
              "resolved": "https://registry.npmjs.org/ms/-/ms-0.7.1.tgz",
              "integrity": "sha1-nNE8A62/8ltl7/3nzoZO6VIBcJg="
            },
            "on-finished": {
              "version": "2.2.1",
              "resolved": "https://registry.npmjs.org/on-finished/-/on-finished-2.2.1.tgz",
              "integrity": "sha1-XIXBzDYpn3gCllP2Z/J7a5nrwCk=",
              "requires": {
                "ee-first": "1.1.0"
              },
              "dependencies": {
                "ee-first": {
                  "version": "1.1.0",
                  "resolved": "https://registry.npmjs.org/ee-first/-/ee-first-1.1.0.tgz",
                  "integrity": "sha1-ag18YiHkkP7v2S7D9EHJzozQl/Q="
                }
              }
            },
            "range-parser": {
              "version": "1.0.2",
              "resolved": "https://registry.npmjs.org/range-parser/-/range-parser-1.0.2.tgz",
              "integrity": "sha1-BqEqQuUTG6jkV82JIESGfyNE5Uk="
            }
          }
        },
        "utils-merge": {
          "version": "1.0.0",
          "resolved": "https://registry.npmjs.org/utils-merge/-/utils-merge-1.0.0.tgz",
          "integrity": "sha1-ApT7kiu5N1FTVBxPcJYjHyh8ivg="
        }
      }
    },
    "sqlstring": {
      "version": "https://registry.npmjs.org/sqlstring/-/sqlstring-2.2.0.tgz",
      "integrity": "sha1-wxNcTqirzX5+50GklmqJHYak8ZE="
    },
    "string_decoder": {
      "version": "https://registry.npmjs.org/string_decoder/-/string_decoder-0.10.31.tgz",
      "integrity": "sha1-YuIDvEF2bGwoyfyEMB2rHFMQ+pQ="
    },
    "xiaolan-db": {
      "version": "1.2.0",
      "resolved": "https://registry.npmjs.org/xiaolan-db/-/xiaolan-db-1.2.0.tgz",
      "integrity": "sha512-0fecoh5tzbAAMuBCu4VBKk9uy6BTPMDlpU+4PwS5QElblnDCBAKnY/PjS3VgP0VDi9CGiTsGBPh+IQjQkr0IeA==",
      "requires": {
        "fy-mysql": "https://registry.npmjs.org/fy-mysql/-/fy-mysql-0.2.13.tgz"
      }
    },
    "xiaolan-router": {
      "version": "1.0.1",
      "resolved": "https://registry.npmjs.org/xiaolan-router/-/xiaolan-router-1.0.1.tgz",
      "integrity": "sha512-v17J2s2ZOcMFDRzg7VvoHIcByEO7ybEX+/DaThwzTzc23thb9T4gBNkJ4VNc80yz9mZ2woT4+m8dSvUYfucRWg=="
    }
  }
}
